
Microsoft Visual Studio Solution File, Format Version 12.00
# Visual Studio Version 17
VisualStudioVersion = 17.9.34728.123
MinimumVisualStudioVersion = 10.0.40219.1
Project("{FAE04EC0-301F-11D3-BF4B-00C04F79EFBC}") = "PAMII-FlipCoin", "PAMII-FlipCoin\PAMII-FlipCoin.csproj", "{5796A0BB-0BED-4B95-B884-7B5773C03D0E}"
EndProject
Global
	GlobalSection(SolutionConfigurationPlatforms) = preSolution
		Debug|Any CPU = Debug|Any CPU
		Release|Any CPU = Release|Any CPU
	EndGlobalSection
	GlobalSection(ProjectConfigurationPlatforms) = postSolution
		{5796A0BB-0BED-4B95-B884-7B5773C03D0E}.Debug|Any CPU.ActiveCfg = Debug|Any CPU
		{5796A0BB-0BED-4B95-B884-7B5773C03D0E}.Debug|Any CPU.Build.0 = Debug|Any CPU
		{5796A0BB-0BED-4B95-B884-7B5773C03D0E}.Debug|Any CPU.Deploy.0 = Debug|Any CPU
		{5796A0BB-0BED-4B95-B884-7B5773C03D0E}.Release|Any CPU.ActiveCfg = Release|Any CPU
		{5796A0BB-0BED-4B95-B884-7B5773C03D0E}.Release|Any CPU.Build.0 = Release|Any CPU
		{5796A0BB-0BED-4B95-B884-7B5773C03D0E}.Release|Any CPU.Deploy.0 = Release|Any CPU
	EndGlobalSection
	GlobalSection(SolutionProperties) = preSolution
		HideSolutionNode = FALSE
	EndGlobalSection
	GlobalSection(ExtensibilityGlobals) = postSolution
		SolutionGuid = {E9763BBC-1441-49C1-8BBC-53547AEE9FE1}
	EndGlobalSection
EndGlobal
